
Microsoft Visual Studio Solution File, Format Version 12.00
# Visual Studio Version 17
VisualStudioVersion = 17.0.31903.59
MinimumVisualStudioVersion = 10.0.40219.1
Project("{FAE04EC0-301F-11D3-BF4B-00C04F79EFBC}") = "Zugfish.Engine", "src\Zugfish.Engine\Zugfish.Engine.csproj", "{35052747-B359-426B-8CA6-977D2F419898}"
EndProject
Project("{FAE04EC0-301F-11D3-BF4B-00C04F79EFBC}") = "Zugfish.Uci", "src\Zugfish.Uci\Zugfish.Uci.csproj", "{B42A19CD-3A2F-4833-911E-40778389F404}"
EndProject
Project("{FAE04EC0-301F-11D3-BF4B-00C04F79EFBC}") = "Zugfish.SelfPlay", "src\Zugfish.SelfPlay\Zugfish.SelfPlay.csproj", "{FF6DD555-B068-4F0A-89E8-EB850EC8B678}"
EndProject
Project("{FAE04EC0-301F-11D3-BF4B-00C04F79EFBC}") = "Zugfish.Tests", "src\Zugfish.Tests\Zugfish.Tests.csproj", "{0DEE393C-C646-4597-AAF3-652EA5E14ECE}"
EndProject
Project("{FAE04EC0-301F-11D3-BF4B-00C04F79EFBC}") = "Zugfish.Benchmarks", "src\Zugfish.Benchmarks\Zugfish.Benchmarks.csproj", "{F5E78E14-49B3-4B24-842C-C8FCE0DAEC5C}"
EndProject
Project("{FAE04EC0-301F-11D3-BF4B-00C04F79EFBC}") = "Zugfish.Uci.Lib", "src\Zugfish.Uci.Lib\Zugfish.Uci.Lib.csproj", "{3FEB6772-6043-4F7E-958F-BF3367463923}"
EndProject
Global
	GlobalSection(SolutionConfigurationPlatforms) = preSolution
		Debug|Any CPU = Debug|Any CPU
		Release|Any CPU = Release|Any CPU
	EndGlobalSection
	GlobalSection(SolutionProperties) = preSolution
		HideSolutionNode = FALSE
	EndGlobalSection
	GlobalSection(ProjectConfigurationPlatforms) = postSolution
		{35052747-B359-426B-8CA6-977D2F419898}.Debug|Any CPU.ActiveCfg = Debug|Any CPU
		{35052747-B359-426B-8CA6-977D2F419898}.Debug|Any CPU.Build.0 = Debug|Any CPU
		{35052747-B359-426B-8CA6-977D2F419898}.Release|Any CPU.ActiveCfg = Release|Any CPU
		{35052747-B359-426B-8CA6-977D2F419898}.Release|Any CPU.Build.0 = Release|Any CPU
		{B42A19CD-3A2F-4833-911E-40778389F404}.Debug|Any CPU.ActiveCfg = Debug|Any CPU
		{B42A19CD-3A2F-4833-911E-40778389F404}.Debug|Any CPU.Build.0 = Debug|Any CPU
		{B42A19CD-3A2F-4833-911E-40778389F404}.Release|Any CPU.ActiveCfg = Release|Any CPU
		{B42A19CD-3A2F-4833-911E-40778389F404}.Release|Any CPU.Build.0 = Release|Any CPU
		{FF6DD555-B068-4F0A-89E8-EB850EC8B678}.Debug|Any CPU.ActiveCfg = Debug|Any CPU
		{FF6DD555-B068-4F0A-89E8-EB850EC8B678}.Debug|Any CPU.Build.0 = Debug|Any CPU
		{FF6DD555-B068-4F0A-89E8-EB850EC8B678}.Release|Any CPU.ActiveCfg = Release|Any CPU
		{FF6DD555-B068-4F0A-89E8-EB850EC8B678}.Release|Any CPU.Build.0 = Release|Any CPU
		{0DEE393C-C646-4597-AAF3-652EA5E14ECE}.Debug|Any CPU.ActiveCfg = Debug|Any CPU
		{0DEE393C-C646-4597-AAF3-652EA5E14ECE}.Debug|Any CPU.Build.0 = Debug|Any CPU
		{0DEE393C-C646-4597-AAF3-652EA5E14ECE}.Release|Any CPU.ActiveCfg = Release|Any CPU
		{0DEE393C-C646-4597-AAF3-652EA5E14ECE}.Release|Any CPU.Build.0 = Release|Any CPU
		{F5E78E14-49B3-4B24-842C-C8FCE0DAEC5C}.Debug|Any CPU.ActiveCfg = Debug|Any CPU
		{F5E78E14-49B3-4B24-842C-C8FCE0DAEC5C}.Debug|Any CPU.Build.0 = Debug|Any CPU
		{F5E78E14-49B3-4B24-842C-C8FCE0DAEC5C}.Release|Any CPU.ActiveCfg = Release|Any CPU
		{F5E78E14-49B3-4B24-842C-C8FCE0DAEC5C}.Release|Any CPU.Build.0 = Release|Any CPU
		{3FEB6772-6043-4F7E-958F-BF3367463923}.Debug|Any CPU.ActiveCfg = Debug|Any CPU
		{3FEB6772-6043-4F7E-958F-BF3367463923}.Debug|Any CPU.Build.0 = Debug|Any CPU
		{3FEB6772-6043-4F7E-958F-BF3367463923}.Release|Any CPU.ActiveCfg = Release|Any CPU
		{3FEB6772-6043-4F7E-958F-BF3367463923}.Release|Any CPU.Build.0 = Release|Any CPU
	EndGlobalSection
	GlobalSection(NestedProjects) = preSolution
	EndGlobalSection
EndGlobal
