Microsoft Visual Studio Solution File, Format Version 12.00
# Visual Studio Version 17
VisualStudioVersion = 17.5.2.0
MinimumVisualStudioVersion = 10.0.40219.1
Project("{FAE04EC0-301F-11D3-BF4B-00C04F79EFBC}") = "Zugfish.Engine", "Zugfish.Engine\Zugfish.Engine.csproj", "{C7987531-B528-563C-E43B-198CE675DBA8}"
EndProject
Project("{FAE04EC0-301F-11D3-BF4B-00C04F79EFBC}") = "Zugfish.SelfPlay", "Zugfish.SelfPlay\Zugfish.SelfPlay.csproj", "{7CB2FA55-C5AE-C74E-9FD8-9CA8AA4CC1AD}"
EndProject
Project("{FAE04EC0-301F-11D3-BF4B-00C04F79EFBC}") = "Zugfish.Tests", "Zugfish.Tests\Zugfish.Tests.csproj", "{F8E2C3CE-5D8B-3EEF-68B5-E54F68E197E5}"
EndProject
Project("{FAE04EC0-301F-11D3-BF4B-00C04F79EFBC}") = "Zugfish.UCI", "Zugfish.UCI\Zugfish.UCI.csproj", "{1F6E1AED-4E8E-40B8-30BB-9C019C216D51}"
EndProject
Global
	GlobalSection(SolutionConfigurationPlatforms) = preSolution
		Debug|Any CPU = Debug|Any CPU
		Release|Any CPU = Release|Any CPU
	EndGlobalSection
	GlobalSection(ProjectConfigurationPlatforms) = postSolution
		{C7987531-B528-563C-E43B-198CE675DBA8}.Debug|Any CPU.ActiveCfg = Debug|Any CPU
		{C7987531-B528-563C-E43B-198CE675DBA8}.Debug|Any CPU.Build.0 = Debug|Any CPU
		{C7987531-B528-563C-E43B-198CE675DBA8}.Release|Any CPU.ActiveCfg = Release|Any CPU
		{C7987531-B528-563C-E43B-198CE675DBA8}.Release|Any CPU.Build.0 = Release|Any CPU
		{7CB2FA55-C5AE-C74E-9FD8-9CA8AA4CC1AD}.Debug|Any CPU.ActiveCfg = Debug|Any CPU
		{7CB2FA55-C5AE-C74E-9FD8-9CA8AA4CC1AD}.Debug|Any CPU.Build.0 = Debug|Any CPU
		{7CB2FA55-C5AE-C74E-9FD8-9CA8AA4CC1AD}.Release|Any CPU.ActiveCfg = Release|Any CPU
		{7CB2FA55-C5AE-C74E-9FD8-9CA8AA4CC1AD}.Release|Any CPU.Build.0 = Release|Any CPU
		{F8E2C3CE-5D8B-3EEF-68B5-E54F68E197E5}.Debug|Any CPU.ActiveCfg = Debug|Any CPU
		{F8E2C3CE-5D8B-3EEF-68B5-E54F68E197E5}.Debug|Any CPU.Build.0 = Debug|Any CPU
		{F8E2C3CE-5D8B-3EEF-68B5-E54F68E197E5}.Release|Any CPU.ActiveCfg = Release|Any CPU
		{F8E2C3CE-5D8B-3EEF-68B5-E54F68E197E5}.Release|Any CPU.Build.0 = Release|Any CPU
		{1F6E1AED-4E8E-40B8-30BB-9C019C216D51}.Debug|Any CPU.ActiveCfg = Debug|Any CPU
		{1F6E1AED-4E8E-40B8-30BB-9C019C216D51}.Debug|Any CPU.Build.0 = Debug|Any CPU
		{1F6E1AED-4E8E-40B8-30BB-9C019C216D51}.Release|Any CPU.ActiveCfg = Release|Any CPU
		{1F6E1AED-4E8E-40B8-30BB-9C019C216D51}.Release|Any CPU.Build.0 = Release|Any CPU
	EndGlobalSection
	GlobalSection(SolutionProperties) = preSolution
		HideSolutionNode = FALSE
	EndGlobalSection
	GlobalSection(ExtensibilityGlobals) = postSolution
		SolutionGuid = {9D566CC2-E485-4365-9A5E-883F52D2F426}
	EndGlobalSection
EndGlobal
